
Microsoft Visual Studio Solution File, Format Version 12.00
# Visual Studio 15
VisualStudioVersion = 15.0.28307.102
MinimumVisualStudioVersion = 10.0.40219.1
Project("{FAE04EC0-301F-11D3-BF4B-00C04F79EFBC}") = "APXSOAP", "SOAP\APXSOAP.csproj", "{C15C7D62-DFAC-4E54-9F6A-CEED833EA06C}"
EndProject
Project("{FAE04EC0-301F-11D3-BF4B-00C04F79EFBC}") = "BlotterApi", "RESTful\BlotterApi.csproj", "{159212B3-A8E8-4198-9158-87ADE9E3DAA3}"
EndProject
Global
	GlobalSection(SolutionConfigurationPlatforms) = preSolution
		Debug|x86 = Debug|x86
		Release|x86 = Release|x86
	EndGlobalSection
	GlobalSection(ProjectConfigurationPlatforms) = postSolution
		{C15C7D62-DFAC-4E54-9F6A-CEED833EA06C}.Debug|x86.ActiveCfg = Debug|x86
		{C15C7D62-DFAC-4E54-9F6A-CEED833EA06C}.Debug|x86.Build.0 = Debug|x86
		{C15C7D62-DFAC-4E54-9F6A-CEED833EA06C}.Release|x86.ActiveCfg = Release|x86
		{C15C7D62-DFAC-4E54-9F6A-CEED833EA06C}.Release|x86.Build.0 = Release|x86
		{159212B3-A8E8-4198-9158-87ADE9E3DAA3}.Debug|x86.ActiveCfg = Debug|x86
		{159212B3-A8E8-4198-9158-87ADE9E3DAA3}.Debug|x86.Build.0 = Debug|x86
		{159212B3-A8E8-4198-9158-87ADE9E3DAA3}.Release|x86.ActiveCfg = Release|x86
		{159212B3-A8E8-4198-9158-87ADE9E3DAA3}.Release|x86.Build.0 = Release|x86
	EndGlobalSection
	GlobalSection(SolutionProperties) = preSolution
		HideSolutionNode = FALSE
	EndGlobalSection
	GlobalSection(ExtensibilityGlobals) = postSolution
		SolutionGuid = {76DD7004-CBC1-4D0D-A3F2-E4AA570AAC77}
	EndGlobalSection
EndGlobal
